
Microsoft Visual Studio Solution File, Format Version 12.00
# Visual Studio Version 17
VisualStudioVersion = 17.0.31903.59
MinimumVisualStudioVersion = 10.0.40219.1
Project("{FAE04EC0-301F-11D3-BF4B-00C04F79EFBC}") = "StringManipulation", "StringManipulation\StringManipulation.csproj", "{F2CD434D-8C85-43DD-B4BE-5D7DBDCDF55A}"
EndProject
Project("{FAE04EC0-301F-11D3-BF4B-00C04F79EFBC}") = "StringManipulationTest", "StringManipulationTest\StringManipulationTest.csproj", "{4098BB79-63E0-4F6D-B54C-748295E447DC}"
EndProject
Global
	GlobalSection(SolutionConfigurationPlatforms) = preSolution
		Debug|Any CPU = Debug|Any CPU
		Release|Any CPU = Release|Any CPU
	EndGlobalSection
	GlobalSection(SolutionProperties) = preSolution
		HideSolutionNode = FALSE
	EndGlobalSection
	GlobalSection(ProjectConfigurationPlatforms) = postSolution
		{F2CD434D-8C85-43DD-B4BE-5D7DBDCDF55A}.Debug|Any CPU.ActiveCfg = Debug|Any CPU
		{F2CD434D-8C85-43DD-B4BE-5D7DBDCDF55A}.Debug|Any CPU.Build.0 = Debug|Any CPU
		{F2CD434D-8C85-43DD-B4BE-5D7DBDCDF55A}.Release|Any CPU.ActiveCfg = Release|Any CPU
		{F2CD434D-8C85-43DD-B4BE-5D7DBDCDF55A}.Release|Any CPU.Build.0 = Release|Any CPU
		{4098BB79-63E0-4F6D-B54C-748295E447DC}.Debug|Any CPU.ActiveCfg = Debug|Any CPU
		{4098BB79-63E0-4F6D-B54C-748295E447DC}.Debug|Any CPU.Build.0 = Debug|Any CPU
		{4098BB79-63E0-4F6D-B54C-748295E447DC}.Release|Any CPU.ActiveCfg = Release|Any CPU
		{4098BB79-63E0-4F6D-B54C-748295E447DC}.Release|Any CPU.Build.0 = Release|Any CPU
	EndGlobalSection
EndGlobal
